// !$*UTF8*$!
{
	archiveVersion = 1;
	classes = {
	};
	objectVersion = 77;
	objects = {

/* Begin PBXContainerItemProxy section */
		DD9340B42D8924CE005E06D6 /* PBXContainerItemProxy */ = {
			isa = PBXContainerItemProxy;
			containerPortal = DD9340982D8924CD005E06D6 /* Project object */;
			proxyType = 1;
			remoteGlobalIDString = DD93409F2D8924CD005E06D6;
			remoteInfo = AutomaticInputSwitch;
		};
		DD9340BE2D8924CE005E06D6 /* PBXContainerItemProxy */ = {
			isa = PBXContainerItemProxy;
			containerPortal = DD9340982D8924CD005E06D6 /* Project object */;
			proxyType = 1;
			remoteGlobalIDString = DD93409F2D8924CD005E06D6;
			remoteInfo = AutomaticInputSwitch;
		};
/* End PBXContainerItemProxy section */

/* Begin PBXFileReference section */
		DD9340A02D8924CD005E06D6 /* AutomaticInputSwitch.app */ = {isa = PBXFileReference; explicitFileType = wrapper.application; includeInIndex = 0; path = AutomaticInputSwitch.app; sourceTree = BUILT_PRODUCTS_DIR; };
		DD9340B32D8924CE005E06D6 /* AutomaticInputSwitchTests.xctest */ = {isa = PBXFileReference; explicitFileType = wrapper.cfbundle; includeInIndex = 0; path = AutomaticInputSwitchTests.xctest; sourceTree = BUILT_PRODUCTS_DIR; };
		DD9340BD2D8924CE005E06D6 /* AutomaticInputSwitchUITests.xctest */ = {isa = PBXFileReference; explicitFileType = wrapper.cfbundle; includeInIndex = 0; path = AutomaticInputSwitchUITests.xctest; sourceTree = BUILT_PRODUCTS_DIR; };
/* End PBXFileReference section */

/* Begin PBXFileSystemSynchronizedRootGroup section */
		DD9340A22D8924CD005E06D6 /* AutomaticInputSwitch */ = {
			isa = PBXFileSystemSynchronizedRootGroup;
			path = AutomaticInputSwitch;
			sourceTree = "<group>";
		};
		DD9340B62D8924CE005E06D6 /* AutomaticInputSwitchTests */ = {
			isa = PBXFileSystemSynchronizedRootGroup;
			path = AutomaticInputSwitchTests;
			sourceTree = "<group>";
		};
		DD9340C02D8924CE005E06D6 /* AutomaticInputSwitchUITests */ = {
			isa = PBXFileSystemSynchronizedRootGroup;
			path = AutomaticInputSwitchUITests;
			sourceTree = "<group>";
		};
/* End PBXFileSystemSynchronizedRootGroup section */

/* Begin PBXFrameworksBuildPhase section */
		DD93409D2D8924CD005E06D6 /* Frameworks */ = {
			isa = PBXFrameworksBuildPhase;
			buildActionMask = 2147483647;
			files = (
			);
			runOnlyForDeploymentPostprocessing = 0;
		};
		DD9340B02D8924CE005E06D6 /* Frameworks */ = {
			isa = PBXFrameworksBuildPhase;
			buildActionMask = 2147483647;
			files = (
			);
			runOnlyForDeploymentPostprocessing = 0;
		};
		DD9340BA2D8924CE005E06D6 /* Frameworks */ = {
			isa = PBXFrameworksBuildPhase;
			buildActionMask = 2147483647;
			files = (
			);
			runOnlyForDeploymentPostprocessing = 0;
		};
/* End PBXFrameworksBuildPhase section */

/* Begin PBXGroup section */
		DD9340972D8924CD005E06D6 = {
			isa = PBXGroup;
			children = (
				DD9340A22D8924CD005E06D6 /* AutomaticInputSwitch */,
				DD9340B62D8924CE005E06D6 /* AutomaticInputSwitchTests */,
				DD9340C02D8924CE005E06D6 /* AutomaticInputSwitchUITests */,
				DD9340A12D8924CD005E06D6 /* Products */,
			);
			sourceTree = "<group>";
		};
		DD9340A12D8924CD005E06D6 /* Products */ = {
			isa = PBXGroup;
			children = (
				DD9340A02D8924CD005E06D6 /* AutomaticInputSwitch.app */,
				DD9340B32D8924CE005E06D6 /* AutomaticInputSwitchTests.xctest */,
				DD9340BD2D8924CE005E06D6 /* AutomaticInputSwitchUITests.xctest */,
			);
			name = Products;
			sourceTree = "<group>";
		};
/* End PBXGroup section */

/* Begin PBXNativeTarget section */
		DD93409F2D8924CD005E06D6 /* AutomaticInputSwitch */ = {
			isa = PBXNativeTarget;
			buildConfigurationList = DD9340C72D8924CE005E06D6 /* Build configuration list for PBXNativeTarget "AutomaticInputSwitch" */;
			buildPhases = (
				DD93409C2D8924CD005E06D6 /* Sources */,
				DD93409D2D8924CD005E06D6 /* Frameworks */,
				DD93409E2D8924CD005E06D6 /* Resources */,
			);
			buildRules = (
			);
			dependencies = (
			);
			fileSystemSynchronizedGroups = (
				DD9340A22D8924CD005E06D6 /* AutomaticInputSwitch */,
			);
			name = AutomaticInputSwitch;
			packageProductDependencies = (
			);
			productName = AutomaticInputSwitch;
			productReference = DD9340A02D8924CD005E06D6 /* AutomaticInputSwitch.app */;
			productType = "com.apple.product-type.application";
		};
		DD9340B22D8924CE005E06D6 /* AutomaticInputSwitchTests */ = {
			isa = PBXNativeTarget;
			buildConfigurationList = DD9340CA2D8924CE005E06D6 /* Build configuration list for PBXNativeTarget "AutomaticInputSwitchTests" */;
			buildPhases = (
				DD9340AF2D8924CE005E06D6 /* Sources */,
				DD9340B02D8924CE005E06D6 /* Frameworks */,
				DD9340B12D8924CE005E06D6 /* Resources */,
			);
			buildRules = (
			);
			dependencies = (
				DD9340B52D8924CE005E06D6 /* PBXTargetDependency */,
			);
			fileSystemSynchronizedGroups = (
				DD9340B62D8924CE005E06D6 /* AutomaticInputSwitchTests */,
			);
			name = AutomaticInputSwitchTests;
			packageProductDependencies = (
			);
			productName = AutomaticInputSwitchTests;
			productReference = DD9340B32D8924CE005E06D6 /* AutomaticInputSwitchTests.xctest */;
			productType = "com.apple.product-type.bundle.unit-test";
		};
		DD9340BC2D8924CE005E06D6 /* AutomaticInputSwitchUITests */ = {
			isa = PBXNativeTarget;
			buildConfigurationList = DD9340CD2D8924CE005E06D6 /* Build configuration list for PBXNativeTarget "AutomaticInputSwitchUITests" */;
			buildPhases = (
				DD9340B92D8924CE005E06D6 /* Sources */,
				DD9340BA2D8924CE005E06D6 /* Frameworks */,
				DD9340BB2D8924CE005E06D6 /* Resources */,
			);
			buildRules = (
			);
			dependencies = (
				DD9340BF2D8924CE005E06D6 /* PBXTargetDependency */,
			);
			fileSystemSynchronizedGroups = (
				DD9340C02D8924CE005E06D6 /* AutomaticInputSwitchUITests */,
			);
			name = AutomaticInputSwitchUITests;
			packageProductDependencies = (
			);
			productName = AutomaticInputSwitchUITests;
			productReference = DD9340BD2D8924CE005E06D6 /* AutomaticInputSwitchUITests.xctest */;
			productType = "com.apple.product-type.bundle.ui-testing";
		};
/* End PBXNativeTarget section */

/* Begin PBXProject section */
		DD9340982D8924CD005E06D6 /* Project object */ = {
			isa = PBXProject;
			attributes = {
				BuildIndependentTargetsInParallel = 1;
				LastSwiftUpdateCheck = 1620;
				LastUpgradeCheck = 1620;
				TargetAttributes = {
					DD93409F2D8924CD005E06D6 = {
						CreatedOnToolsVersion = 16.2;
					};
					DD9340B22D8924CE005E06D6 = {
						CreatedOnToolsVersion = 16.2;
						TestTargetID = DD93409F2D8924CD005E06D6;
					};
					DD9340BC2D8924CE005E06D6 = {
						CreatedOnToolsVersion = 16.2;
						TestTargetID = DD93409F2D8924CD005E06D6;
					};
				};
			};
			buildConfigurationList = DD93409B2D8924CD005E06D6 /* Build configuration list for PBXProject "AutomaticInputSwitch" */;
			developmentRegion = en;
			hasScannedForEncodings = 0;
			knownRegions = (
				en,
				Base,
			);
			mainGroup = DD9340972D8924CD005E06D6;
			minimizedProjectReferenceProxies = 1;
			preferredProjectObjectVersion = 77;
			productRefGroup = DD9340A12D8924CD005E06D6 /* Products */;
			projectDirPath = "";
			projectRoot = "";
			targets = (
				DD93409F2D8924CD005E06D6 /* AutomaticInputSwitch */,
				DD9340B22D8924CE005E06D6 /* AutomaticInputSwitchTests */,
				DD9340BC2D8924CE005E06D6 /* AutomaticInputSwitchUITests */,
			);
		};
/* End PBXProject section */

/* Begin PBXResourcesBuildPhase section */
		DD93409E2D8924CD005E06D6 /* Resources */ = {
			isa = PBXResourcesBuildPhase;
			buildActionMask = 2147483647;
			files = (
			);
			runOnlyForDeploymentPostprocessing = 0;
		};
		DD9340B12D8924CE005E06D6 /* Resources */ = {
			isa = PBXResourcesBuildPhase;
			buildActionMask = 2147483647;
			files = (
			);
			runOnlyForDeploymentPostprocessing = 0;
		};
		DD9340BB2D8924CE005E06D6 /* Resources */ = {
			isa = PBXResourcesBuildPhase;
			buildActionMask = 2147483647;
			files = (
			);
			runOnlyForDeploymentPostprocessing = 0;
		};
/* End PBXResourcesBuildPhase section */

/* Begin PBXSourcesBuildPhase section */
		DD93409C2D8924CD005E06D6 /* Sources */ = {
			isa = PBXSourcesBuildPhase;
			buildActionMask = 2147483647;
			files = (
			);
			runOnlyForDeploymentPostprocessing = 0;
		};
		DD9340AF2D8924CE005E06D6 /* Sources */ = {
			isa = PBXSourcesBuildPhase;
			buildActionMask = 2147483647;
			files = (
			);
			runOnlyForDeploymentPostprocessing = 0;
		};
		DD9340B92D8924CE005E06D6 /* Sources */ = {
			isa = PBXSourcesBuildPhase;
			buildActionMask = 2147483647;
			files = (
			);
			runOnlyForDeploymentPostprocessing = 0;
		};
/* End PBXSourcesBuildPhase section */

/* Begin PBXTargetDependency section */
		DD9340B52D8924CE005E06D6 /* PBXTargetDependency */ = {
			isa = PBXTargetDependency;
			target = DD93409F2D8924CD005E06D6 /* AutomaticInputSwitch */;
			targetProxy = DD9340B42D8924CE005E06D6 /* PBXContainerItemProxy */;
		};
		DD9340BF2D8924CE005E06D6 /* PBXTargetDependency */ = {
			isa = PBXTargetDependency;
			target = DD93409F2D8924CD005E06D6 /* AutomaticInputSwitch */;
			targetProxy = DD9340BE2D8924CE005E06D6 /* PBXContainerItemProxy */;
		};
/* End PBXTargetDependency section */

/* Begin XCBuildConfiguration section */
		DD9340C52D8924CE005E06D6 /* Debug */ = {
			isa = XCBuildConfiguration;
			buildSettings = {
				ALWAYS_SEARCH_USER_PATHS = NO;
				ASSETCATALOG_COMPILER_GENERATE_SWIFT_ASSET_SYMBOL_EXTENSIONS = YES;
				CLANG_ANALYZER_NONNULL = YES;
				CLANG_ANALYZER_NUMBER_OBJECT_CONVERSION = YES_AGGRESSIVE;
				CLANG_CXX_LANGUAGE_STANDARD = "gnu++20";
				CLANG_ENABLE_MODULES = YES;
				CLANG_ENABLE_OBJC_ARC = YES;
				CLANG_ENABLE_OBJC_WEAK = YES;
				CLANG_WARN_BLOCK_CAPTURE_AUTORELEASING = YES;
				CLANG_WARN_BOOL_CONVERSION = YES;
				CLANG_WARN_COMMA = YES;
				CLANG_WARN_CONSTANT_CONVERSION = YES;
				CLANG_WARN_DEPRECATED_OBJC_IMPLEMENTATIONS = YES;
				CLANG_WARN_DIRECT_OBJC_ISA_USAGE = YES_ERROR;
				CLANG_WARN_DOCUMENTATION_COMMENTS = YES;
				CLANG_WARN_EMPTY_BODY = YES;
				CLANG_WARN_ENUM_CONVERSION = YES;
				CLANG_WARN_INFINITE_RECURSION = YES;
				CLANG_WARN_INT_CONVERSION = YES;
				CLANG_WARN_NON_LITERAL_NULL_CONVERSION = YES;
				CLANG_WARN_OBJC_IMPLICIT_RETAIN_SELF = YES;
				CLANG_WARN_OBJC_LITERAL_CONVERSION = YES;
				CLANG_WARN_OBJC_ROOT_CLASS = YES_ERROR;
				CLANG_WARN_QUOTED_INCLUDE_IN_FRAMEWORK_HEADER = YES;
				CLANG_WARN_RANGE_LOOP_ANALYSIS = YES;
				CLANG_WARN_STRICT_PROTOTYPES = YES;
				CLANG_WARN_SUSPICIOUS_MOVE = YES;
				CLANG_WARN_UNGUARDED_AVAILABILITY = YES_AGGRESSIVE;
				CLANG_WARN_UNREACHABLE_CODE = YES;
				CLANG_WARN__DUPLICATE_METHOD_MATCH = YES;
				COPY_PHASE_STRIP = NO;
				DEBUG_INFORMATION_FORMAT = dwarf;
				ENABLE_STRICT_OBJC_MSGSEND = YES;
				ENABLE_TESTABILITY = YES;
				ENABLE_USER_SCRIPT_SANDBOXING = YES;
				GCC_C_LANGUAGE_STANDARD = gnu17;
				GCC_DYNAMIC_NO_PIC = NO;
				GCC_NO_COMMON_BLOCKS = YES;
				GCC_OPTIMIZATION_LEVEL = 0;
				GCC_PREPROCESSOR_DEFINITIONS = (
					"DEBUG=1",
					"$(inherited)",
				);
				GCC_WARN_64_TO_32_BIT_CONVERSION = YES;
				GCC_WARN_ABOUT_RETURN_TYPE = YES_ERROR;
				GCC_WARN_UNDECLARED_SELECTOR = YES;
				GCC_WARN_UNINITIALIZED_AUTOS = YES_AGGRESSIVE;
				GCC_WARN_UNUSED_FUNCTION = YES;
				GCC_WARN_UNUSED_VARIABLE = YES;
				LOCALIZATION_PREFERS_STRING_CATALOGS = YES;
				MACOSX_DEPLOYMENT_TARGET = 15.2;
				MTL_ENABLE_DEBUG_INFO = INCLUDE_SOURCE;
				MTL_FAST_MATH = YES;
				ONLY_ACTIVE_ARCH = YES;
				SDKROOT = macosx;
				SWIFT_ACTIVE_COMPILATION_CONDITIONS = "DEBUG $(inherited)";
				SWIFT_OPTIMIZATION_LEVEL = "-Onone";
			};
			name = Debug;
		};
		DD9340C62D8924CE005E06D6 /* Release */ = {
			isa = XCBuildConfiguration;
			buildSettings = {
				ALWAYS_SEARCH_USER_PATHS = NO;
				ASSETCATALOG_COMPILER_GENERATE_SWIFT_ASSET_SYMBOL_EXTENSIONS = YES;
				CLANG_ANALYZER_NONNULL = YES;
				CLANG_ANALYZER_NUMBER_OBJECT_CONVERSION = YES_AGGRESSIVE;
				CLANG_CXX_LANGUAGE_STANDARD = "gnu++20";
				CLANG_ENABLE_MODULES = YES;
				CLANG_ENABLE_OBJC_ARC = YES;
				CLANG_ENABLE_OBJC_WEAK = YES;
				CLANG_WARN_BLOCK_CAPTURE_AUTORELEASING = YES;
				CLANG_WARN_BOOL_CONVERSION = YES;
				CLANG_WARN_COMMA = YES;
				CLANG_WARN_CONSTANT_CONVERSION = YES;
				CLANG_WARN_DEPRECATED_OBJC_IMPLEMENTATIONS = YES;
				CLANG_WARN_DIRECT_OBJC_ISA_USAGE = YES_ERROR;
				CLANG_WARN_DOCUMENTATION_COMMENTS = YES;
				CLANG_WARN_EMPTY_BODY = YES;
				CLANG_WARN_ENUM_CONVERSION = YES;
				CLANG_WARN_INFINITE_RECURSION = YES;
				CLANG_WARN_INT_CONVERSION = YES;
				CLANG_WARN_NON_LITERAL_NULL_CONVERSION = YES;
				CLANG_WARN_OBJC_IMPLICIT_RETAIN_SELF = YES;
				CLANG_WARN_OBJC_LITERAL_CONVERSION = YES;
				CLANG_WARN_OBJC_ROOT_CLASS = YES_ERROR;
				CLANG_WARN_QUOTED_INCLUDE_IN_FRAMEWORK_HEADER = YES;
				CLANG_WARN_RANGE_LOOP_ANALYSIS = YES;
				CLANG_WARN_STRICT_PROTOTYPES = YES;
				CLANG_WARN_SUSPICIOUS_MOVE = YES;
				CLANG_WARN_UNGUARDED_AVAILABILITY = YES_AGGRESSIVE;
				CLANG_WARN_UNREACHABLE_CODE = YES;
				CLANG_WARN__DUPLICATE_METHOD_MATCH = YES;
				COPY_PHASE_STRIP = NO;
				DEBUG_INFORMATION_FORMAT = "dwarf-with-dsym";
				ENABLE_NS_ASSERTIONS = NO;
				ENABLE_STRICT_OBJC_MSGSEND = YES;
				ENABLE_USER_SCRIPT_SANDBOXING = YES;
				GCC_C_LANGUAGE_STANDARD = gnu17;
				GCC_NO_COMMON_BLOCKS = YES;
				GCC_WARN_64_TO_32_BIT_CONVERSION = YES;
				GCC_WARN_ABOUT_RETURN_TYPE = YES_ERROR;
				GCC_WARN_UNDECLARED_SELECTOR = YES;
				GCC_WARN_UNINITIALIZED_AUTOS = YES_AGGRESSIVE;
				GCC_WARN_UNUSED_FUNCTION = YES;
				GCC_WARN_UNUSED_VARIABLE = YES;
				LOCALIZATION_PREFERS_STRING_CATALOGS = YES;
				MACOSX_DEPLOYMENT_TARGET = 15.2;
				MTL_ENABLE_DEBUG_INFO = NO;
				MTL_FAST_MATH = YES;
				SDKROOT = macosx;
				SWIFT_COMPILATION_MODE = wholemodule;
			};
			name = Release;
		};
		DD9340C82D8924CE005E06D6 /* Debug */ = {
			isa = XCBuildConfiguration;
			buildSettings = {
				ASSETCATALOG_COMPILER_APPICON_NAME = AppIcon;
				ASSETCATALOG_COMPILER_GLOBAL_ACCENT_COLOR_NAME = AccentColor;
				CODE_SIGN_ENTITLEMENTS = AutomaticInputSwitch/AutomaticInputSwitch.entitlements;
				CODE_SIGN_STYLE = Automatic;
				COMBINE_HIDPI_IMAGES = YES;
				CURRENT_PROJECT_VERSION = 1;
				DEVELOPMENT_ASSET_PATHS = "\"AutomaticInputSwitch/Preview Content\"";
				ENABLE_HARDENED_RUNTIME = YES;
				ENABLE_PREVIEWS = YES;
				GENERATE_INFOPLIST_FILE = YES;
				INFOPLIST_KEY_NSHumanReadableCopyright = "";
				LD_RUNPATH_SEARCH_PATHS = (
					"$(inherited)",
					"@executable_path/../Frameworks",
				);
				MACOSX_DEPLOYMENT_TARGET = 14.0;
				MARKETING_VERSION = 1.0;
				PRODUCT_BUNDLE_IDENTIFIER = jimzhou.AutomaticInputSwitch;
				PRODUCT_NAME = "$(TARGET_NAME)";
				SWIFT_EMIT_LOC_STRINGS = YES;
				SWIFT_VERSION = 5.0;
			};
			name = Debug;
		};
		DD9340C92D8924CE005E06D6 /* Release */ = {
			isa = XCBuildConfiguration;
			buildSettings = {
				ASSETCATALOG_COMPILER_APPICON_NAME = AppIcon;
				ASSETCATALOG_COMPILER_GLOBAL_ACCENT_COLOR_NAME = AccentColor;
				CODE_SIGN_ENTITLEMENTS = AutomaticInputSwitch/AutomaticInputSwitch.entitlements;
				CODE_SIGN_STYLE = Automatic;
				COMBINE_HIDPI_IMAGES = YES;
				CURRENT_PROJECT_VERSION = 1;
				DEVELOPMENT_ASSET_PATHS = "\"AutomaticInputSwitch/Preview Content\"";
				ENABLE_HARDENED_RUNTIME = YES;
				ENABLE_PREVIEWS = YES;
				GENERATE_INFOPLIST_FILE = YES;
				INFOPLIST_KEY_NSHumanReadableCopyright = "";
				LD_RUNPATH_SEARCH_PATHS = (
					"$(inherited)",
					"@executable_path/../Frameworks",
				);
				MACOSX_DEPLOYMENT_TARGET = 14.0;
				MARKETING_VERSION = 1.0;
				PRODUCT_BUNDLE_IDENTIFIER = jimzhou.AutomaticInputSwitch;
				PRODUCT_NAME = "$(TARGET_NAME)";
				SWIFT_EMIT_LOC_STRINGS = YES;
				SWIFT_VERSION = 5.0;
			};
			name = Release;
		};
		DD9340CB2D8924CE005E06D6 /* Debug */ = {
			isa = XCBuildConfiguration;
			buildSettings = {
				BUNDLE_LOADER = "$(TEST_HOST)";
				CODE_SIGN_STYLE = Automatic;
				CURRENT_PROJECT_VERSION = 1;
				GENERATE_INFOPLIST_FILE = YES;
				MACOSX_DEPLOYMENT_TARGET = 14.0;
				MARKETING_VERSION = 1.0;
				PRODUCT_BUNDLE_IDENTIFIER = jimzhou.AutomaticInputSwitchTests;
				PRODUCT_NAME = "$(TARGET_NAME)";
				SWIFT_EMIT_LOC_STRINGS = NO;
				SWIFT_VERSION = 5.0;
				TEST_HOST = "$(BUILT_PRODUCTS_DIR)/AutomaticInputSwitch.app/$(BUNDLE_EXECUTABLE_FOLDER_PATH)/AutomaticInputSwitch";
			};
			name = Debug;
		};
		DD9340CC2D8924CE005E06D6 /* Release */ = {
			isa = XCBuildConfiguration;
			buildSettings = {
				BUNDLE_LOADER = "$(TEST_HOST)";
				CODE_SIGN_STYLE = Automatic;
				CURRENT_PROJECT_VERSION = 1;
				GENERATE_INFOPLIST_FILE = YES;
				MACOSX_DEPLOYMENT_TARGET = 14.0;
				MARKETING_VERSION = 1.0;
				PRODUCT_BUNDLE_IDENTIFIER = jimzhou.AutomaticInputSwitchTests;
				PRODUCT_NAME = "$(TARGET_NAME)";
				SWIFT_EMIT_LOC_STRINGS = NO;
				SWIFT_VERSION = 5.0;
				TEST_HOST = "$(BUILT_PRODUCTS_DIR)/AutomaticInputSwitch.app/$(BUNDLE_EXECUTABLE_FOLDER_PATH)/AutomaticInputSwitch";
			};
			name = Release;
		};
		DD9340CE2D8924CE005E06D6 /* Debug */ = {
			isa = XCBuildConfiguration;
			buildSettings = {
				CODE_SIGN_STYLE = Automatic;
				CURRENT_PROJECT_VERSION = 1;
				GENERATE_INFOPLIST_FILE = YES;
				MARKETING_VERSION = 1.0;
				PRODUCT_BUNDLE_IDENTIFIER = jimzhou.AutomaticInputSwitchUITests;
				PRODUCT_NAME = "$(TARGET_NAME)";
				SWIFT_EMIT_LOC_STRINGS = NO;
				SWIFT_VERSION = 5.0;
				TEST_TARGET_NAME = AutomaticInputSwitch;
			};
			name = Debug;
		};
		DD9340CF2D8924CE005E06D6 /* Release */ = {
			isa = XCBuildConfiguration;
			buildSettings = {
				CODE_SIGN_STYLE = Automatic;
				CURRENT_PROJECT_VERSION = 1;
				GENERATE_INFOPLIST_FILE = YES;
				MARKETING_VERSION = 1.0;
				PRODUCT_BUNDLE_IDENTIFIER = jimzhou.AutomaticInputSwitchUITests;
				PRODUCT_NAME = "$(TARGET_NAME)";
				SWIFT_EMIT_LOC_STRINGS = NO;
				SWIFT_VERSION = 5.0;
				TEST_TARGET_NAME = AutomaticInputSwitch;
			};
			name = Release;
		};
/* End XCBuildConfiguration section */

/* Begin XCConfigurationList section */
		DD93409B2D8924CD005E06D6 /* Build configuration list for PBXProject "AutomaticInputSwitch" */ = {
			isa = XCConfigurationList;
			buildConfigurations = (
				DD9340C52D8924CE005E06D6 /* Debug */,
				DD9340C62D8924CE005E06D6 /* Release */,
			);
			defaultConfigurationIsVisible = 0;
			defaultConfigurationName = Release;
		};
		DD9340C72D8924CE005E06D6 /* Build configuration list for PBXNativeTarget "AutomaticInputSwitch" */ = {
			isa = XCConfigurationList;
			buildConfigurations = (
				DD9340C82D8924CE005E06D6 /* Debug */,
				DD9340C92D8924CE005E06D6 /* Release */,
			);
			defaultConfigurationIsVisible = 0;
			defaultConfigurationName = Release;
		};
		DD9340CA2D8924CE005E06D6 /* Build configuration list for PBXNativeTarget "AutomaticInputSwitchTests" */ = {
			isa = XCConfigurationList;
			buildConfigurations = (
				DD9340CB2D8924CE005E06D6 /* Debug */,
				DD9340CC2D8924CE005E06D6 /* Release */,
			);
			defaultConfigurationIsVisible = 0;
			defaultConfigurationName = Release;
		};
		DD9340CD2D8924CE005E06D6 /* Build configuration list for PBXNativeTarget "AutomaticInputSwitchUITests" */ = {
			isa = XCConfigurationList;
			buildConfigurations = (
				DD9340CE2D8924CE005E06D6 /* Debug */,
				DD9340CF2D8924CE005E06D6 /* Release */,
			);
			defaultConfigurationIsVisible = 0;
			defaultConfigurationName = Release;
		};
/* End XCConfigurationList section */
	};
	rootObject = DD9340982D8924CD005E06D6 /* Project object */;
}
